
Microsoft Visual Studio Solution File, Format Version 12.00
# Visual Studio Version 17
VisualStudioVersion = 17.5.002.0
MinimumVisualStudioVersion = 10.0.40219.1
Project("{9A19103F-16F7-4668-BE54-9A1E7A4F7556}") = "ReportService", "ReportService.csproj", "{B3ABEC08-D7D4-4897-A26C-50D90CD0FC01}"
EndProject
Global
	GlobalSection(SolutionConfigurationPlatforms) = preSolution
		Debug|Any CPU = Debug|Any CPU
		Release|Any CPU = Release|Any CPU
	EndGlobalSection
	GlobalSection(ProjectConfigurationPlatforms) = postSolution
		{B3ABEC08-D7D4-4897-A26C-50D90CD0FC01}.Debug|Any CPU.ActiveCfg = Debug|Any CPU
		{B3ABEC08-D7D4-4897-A26C-50D90CD0FC01}.Debug|Any CPU.Build.0 = Debug|Any CPU
		{B3ABEC08-D7D4-4897-A26C-50D90CD0FC01}.Release|Any CPU.ActiveCfg = Release|Any CPU
		{B3ABEC08-D7D4-4897-A26C-50D90CD0FC01}.Release|Any CPU.Build.0 = Release|Any CPU
	EndGlobalSection
	GlobalSection(SolutionProperties) = preSolution
		HideSolutionNode = FALSE
	EndGlobalSection
	GlobalSection(ExtensibilityGlobals) = postSolution
		SolutionGuid = {33AD853E-523E-47DE-A752-68EF3AF5880A}
	EndGlobalSection
EndGlobal
